
Microsoft Visual Studio Solution File, Format Version 12.00
# Visual Studio Version 16
VisualStudioVersion = 16.0.31410.357
MinimumVisualStudioVersion = 10.0.40219.1
Project("{FAE04EC0-301F-11D3-BF4B-00C04F79EFBC}") = "SharpWSUS", "SharpWSUS\SharpWSUS.csproj", "{42CABB74-1199-40F1-9354-6294BBA8D3A4}"
EndProject
Global
	GlobalSection(SolutionConfigurationPlatforms) = preSolution
		Debug|Any CPU = Debug|Any CPU
		Release|Any CPU = Release|Any CPU
	EndGlobalSection
	GlobalSection(ProjectConfigurationPlatforms) = postSolution
		{42CABB74-1199-40F1-9354-6294BBA8D3A4}.Debug|Any CPU.ActiveCfg = Debug|Any CPU
		{42CABB74-1199-40F1-9354-6294BBA8D3A4}.Debug|Any CPU.Build.0 = Debug|Any CPU
		{42CABB74-1199-40F1-9354-6294BBA8D3A4}.Release|Any CPU.ActiveCfg = Release|Any CPU
		{42CABB74-1199-40F1-9354-6294BBA8D3A4}.Release|Any CPU.Build.0 = Release|Any CPU
	EndGlobalSection
	GlobalSection(SolutionProperties) = preSolution
		HideSolutionNode = FALSE
	EndGlobalSection
	GlobalSection(ExtensibilityGlobals) = postSolution
		SolutionGuid = {B90B58CF-CCFC-47BB-A4B4-E2F83FD868BA}
	EndGlobalSection
EndGlobal
